// !$*UTF8*$!
{
	archiveVersion = 1;
	classes = {
	};
	objectVersion = 50;
	objects = {

/* Begin PBXBuildFile section */
		5842B1D2208490C40000CA20 /* ScratchImageSource.json in Resources */ = {isa = PBXBuildFile; fileRef = 5842B1D1208490C40000CA20 /* ScratchImageSource.json */; };
		5852CFCE206F31BD0006CA6C /* AppDelegate.m in Sources */ = {isa = PBXBuildFile; fileRef = 5852CFCD206F31BD0006CA6C /* AppDelegate.m */; };
		5852CFD6206F31BF0006CA6C /* Assets.xcassets in Resources */ = {isa = PBXBuildFile; fileRef = 5852CFD5206F31BF0006CA6C /* Assets.xcassets */; };
		5852CFD9206F31BF0006CA6C /* LaunchScreen.storyboard in Resources */ = {isa = PBXBuildFile; fileRef = 5852CFD7206F31BF0006CA6C /* LaunchScreen.storyboard */; };
		5852CFDC206F31BF0006CA6C /* main.m in Sources */ = {isa = PBXBuildFile; fileRef = 5852CFDB206F31BF0006CA6C /* main.m */; };
		586E2FB82071CB8C00B9037D /* ZKMatrix.m in Sources */ = {isa = PBXBuildFile; fileRef = 586E2FB72071CB8C00B9037D /* ZKMatrix.m */; };
		586E2FBB2071CFC900B9037D /* ZKScratchImageView.mm in Sources */ = {isa = PBXBuildFile; fileRef = 586E2FBA2071CFC900B9037D /* ZKScratchImageView.mm */; };
		586E2FBF2071DD2B00B9037D /* ZKTwoViewController.m in Sources */ = {isa = PBXBuildFile; fileRef = 586E2FBD2071DD2B00B9037D /* ZKTwoViewController.m */; };
		586E2FC02071DD2B00B9037D /* ZKTwoViewController.xib in Resources */ = {isa = PBXBuildFile; fileRef = 586E2FBE2071DD2B00B9037D /* ZKTwoViewController.xib */; };
		586E2FCA2071FD4E00B9037D /* UIView+Addition.m in Sources */ = {isa = PBXBuildFile; fileRef = 586E2FC92071FD4E00B9037D /* UIView+Addition.m */; };
		586E2FCC207203CF00B9037D /* fireworks_0.gif in Resources */ = {isa = PBXBuildFile; fileRef = 586E2FCB207203CF00B9037D /* fireworks_0.gif */; };
		586E2FD020725B2700B9037D /* ZKDraggableView.m in Sources */ = {isa = PBXBuildFile; fileRef = 586E2FCF20725B2700B9037D /* ZKDraggableView.m */; };
		586E2FD320725B8800B9037D /* ZKDraggableViewController.m in Sources */ = {isa = PBXBuildFile; fileRef = 586E2FD220725B8800B9037D /* ZKDraggableViewController.m */; };
		587990252084C2AB00987CB6 /* NSTimer+ZKAutoRelease.m in Sources */ = {isa = PBXBuildFile; fileRef = 587990242084C2AB00987CB6 /* NSTimer+ZKAutoRelease.m */; };
		58845DDC206F6D3700122F70 /* ZKMainViewController.m in Sources */ = {isa = PBXBuildFile; fileRef = 58845DDA206F6D3700122F70 /* ZKMainViewController.m */; };
		58845DDD206F6D3700122F70 /* ZKMainViewController.xib in Resources */ = {isa = PBXBuildFile; fileRef = 58845DDB206F6D3700122F70 /* ZKMainViewController.xib */; };
		58845DE1206F6EC900122F70 /* ZKOneViewController.m in Sources */ = {isa = PBXBuildFile; fileRef = 58845DDF206F6EC900122F70 /* ZKOneViewController.m */; };
		58845DE2206F6EC900122F70 /* ZKOneViewController.xib in Resources */ = {isa = PBXBuildFile; fileRef = 58845DE0206F6EC900122F70 /* ZKOneViewController.xib */; };
		58D55462207A1C95009F341A /* ZKScreenRecorder.m in Sources */ = {isa = PBXBuildFile; fileRef = 58D55461207A1C95009F341A /* ZKScreenRecorder.m */; };
		58D55464207A2FFE009F341A /* nilin.m4a in Resources */ = {isa = PBXBuildFile; fileRef = 58D55463207A2FFE009F341A /* nilin.m4a */; };
		58EDAAB72080CBA700EADB37 /* UIImage+Addition.m in Sources */ = {isa = PBXBuildFile; fileRef = 58EDAAB62080CBA700EADB37 /* UIImage+Addition.m */; };
		58EDAABB2080D92800EADB37 /* ZKScratchContainerView.m in Sources */ = {isa = PBXBuildFile; fileRef = 58EDAABA2080D92800EADB37 /* ZKScratchContainerView.m */; };
		58EDAAC12080E9B200EADB37 /* ZKScratchItem.m in Sources */ = {isa = PBXBuildFile; fileRef = 58EDAAC02080E9B200EADB37 /* ZKScratchItem.m */; };
		88607908F6E3CDAF1C08E94D /* libPods-ZKScrapeDemo.a in Frameworks */ = {isa = PBXBuildFile; fileRef = C9693622C297E1CDD4B89D87 /* libPods-ZKScrapeDemo.a */; };
/* End PBXBuildFile section */

/* Begin PBXFileReference section */
		0E15F2E6D829E960E8CD9A7D /* Pods-ZKScrapeDemo.release.xcconfig */ = {isa = PBXFileReference; includeInIndex = 1; lastKnownFileType = text.xcconfig; name = "Pods-ZKScrapeDemo.release.xcconfig"; path = "Pods/Target Support Files/Pods-ZKScrapeDemo/Pods-ZKScrapeDemo.release.xcconfig"; sourceTree = "<group>"; };
		5842B1D1208490C40000CA20 /* ScratchImageSource.json */ = {isa = PBXFileReference; lastKnownFileType = text.json; path = ScratchImageSource.json; sourceTree = "<group>"; };
		5852CFC9206F31BD0006CA6C /* ZKScrapeDemo.app */ = {isa = PBXFileReference; explicitFileType = wrapper.application; includeInIndex = 0; path = ZKScrapeDemo.app; sourceTree = BUILT_PRODUCTS_DIR; };
		5852CFCC206F31BD0006CA6C /* AppDelegate.h */ = {isa = PBXFileReference; lastKnownFileType = sourcecode.c.h; path = AppDelegate.h; sourceTree = "<group>"; };
		5852CFCD206F31BD0006CA6C /* AppDelegate.m */ = {isa = PBXFileReference; lastKnownFileType = sourcecode.c.objc; path = AppDelegate.m; sourceTree = "<group>"; };
		5852CFD5206F31BF0006CA6C /* Assets.xcassets */ = {isa = PBXFileReference; lastKnownFileType = folder.assetcatalog; path = Assets.xcassets; sourceTree = "<group>"; };
		5852CFD8206F31BF0006CA6C /* Base */ = {isa = PBXFileReference; lastKnownFileType = file.storyboard; name = Base; path = Base.lproj/LaunchScreen.storyboard; sourceTree = "<group>"; };
		5852CFDA206F31BF0006CA6C /* Info.plist */ = {isa = PBXFileReference; lastKnownFileType = text.plist.xml; path = Info.plist; sourceTree = "<group>"; };
		5852CFDB206F31BF0006CA6C /* main.m */ = {isa = PBXFileReference; lastKnownFileType = sourcecode.c.objc; path = main.m; sourceTree = "<group>"; };
		586E2FB62071CB8C00B9037D /* ZKMatrix.h */ = {isa = PBXFileReference; lastKnownFileType = sourcecode.c.h; path = ZKMatrix.h; sourceTree = "<group>"; };
		586E2FB72071CB8C00B9037D /* ZKMatrix.m */ = {isa = PBXFileReference; lastKnownFileType = sourcecode.c.objc; path = ZKMatrix.m; sourceTree = "<group>"; };
		586E2FB92071CFC900B9037D /* ZKScratchImageView.h */ = {isa = PBXFileReference; lastKnownFileType = sourcecode.c.h; path = ZKScratchImageView.h; sourceTree = "<group>"; };
		586E2FBA2071CFC900B9037D /* ZKScratchImageView.mm */ = {isa = PBXFileReference; lastKnownFileType = sourcecode.cpp.objcpp; path = ZKScratchImageView.mm; sourceTree = "<group>"; };
		586E2FBC2071DD2B00B9037D /* ZKTwoViewController.h */ = {isa = PBXFileReference; lastKnownFileType = sourcecode.c.h; path = ZKTwoViewController.h; sourceTree = "<group>"; };
		586E2FBD2071DD2B00B9037D /* ZKTwoViewController.m */ = {isa = PBXFileReference; lastKnownFileType = sourcecode.c.objc; path = ZKTwoViewController.m; sourceTree = "<group>"; };
		586E2FBE2071DD2B00B9037D /* ZKTwoViewController.xib */ = {isa = PBXFileReference; lastKnownFileType = file.xib; path = ZKTwoViewController.xib; sourceTree = "<group>"; };
		586E2FC82071FD4E00B9037D /* UIView+Addition.h */ = {isa = PBXFileReference; fileEncoding = 4; lastKnownFileType = sourcecode.c.h; path = "UIView+Addition.h"; sourceTree = "<group>"; };
		586E2FC92071FD4E00B9037D /* UIView+Addition.m */ = {isa = PBXFileReference; fileEncoding = 4; lastKnownFileType = sourcecode.c.objc; path = "UIView+Addition.m"; sourceTree = "<group>"; };
		586E2FCB207203CF00B9037D /* fireworks_0.gif */ = {isa = PBXFileReference; lastKnownFileType = image.gif; path = fireworks_0.gif; sourceTree = "<group>"; };
		586E2FCE20725B2700B9037D /* ZKDraggableView.h */ = {isa = PBXFileReference; lastKnownFileType = sourcecode.c.h; path = ZKDraggableView.h; sourceTree = "<group>"; };
		586E2FCF20725B2700B9037D /* ZKDraggableView.m */ = {isa = PBXFileReference; lastKnownFileType = sourcecode.c.objc; path = ZKDraggableView.m; sourceTree = "<group>"; };
		586E2FD120725B8800B9037D /* ZKDraggableViewController.h */ = {isa = PBXFileReference; lastKnownFileType = sourcecode.c.h; path = ZKDraggableViewController.h; sourceTree = "<group>"; };
		586E2FD220725B8800B9037D /* ZKDraggableViewController.m */ = {isa = PBXFileReference; lastKnownFileType = sourcecode.c.objc; path = ZKDraggableViewController.m; sourceTree = "<group>"; };
		587990232084C2AA00987CB6 /* NSTimer+ZKAutoRelease.h */ = {isa = PBXFileReference; fileEncoding = 4; lastKnownFileType = sourcecode.c.h; path = "NSTimer+ZKAutoRelease.h"; sourceTree = "<group>"; };
		587990242084C2AB00987CB6 /* NSTimer+ZKAutoRelease.m */ = {isa = PBXFileReference; fileEncoding = 4; lastKnownFileType = sourcecode.c.objc; path = "NSTimer+ZKAutoRelease.m"; sourceTree = "<group>"; };
		58845DD9206F6D3700122F70 /* ZKMainViewController.h */ = {isa = PBXFileReference; lastKnownFileType = sourcecode.c.h; path = ZKMainViewController.h; sourceTree = "<group>"; };
		58845DDA206F6D3700122F70 /* ZKMainViewController.m */ = {isa = PBXFileReference; lastKnownFileType = sourcecode.c.objc; path = ZKMainViewController.m; sourceTree = "<group>"; };
		58845DDB206F6D3700122F70 /* ZKMainViewController.xib */ = {isa = PBXFileReference; lastKnownFileType = file.xib; path = ZKMainViewController.xib; sourceTree = "<group>"; };
		58845DDE206F6EC900122F70 /* ZKOneViewController.h */ = {isa = PBXFileReference; lastKnownFileType = sourcecode.c.h; path = ZKOneViewController.h; sourceTree = "<group>"; };
		58845DDF206F6EC900122F70 /* ZKOneViewController.m */ = {isa = PBXFileReference; lastKnownFileType = sourcecode.c.objc; path = ZKOneViewController.m; sourceTree = "<group>"; };
		58845DE0206F6EC900122F70 /* ZKOneViewController.xib */ = {isa = PBXFileReference; lastKnownFileType = file.xib; path = ZKOneViewController.xib; sourceTree = "<group>"; };
		58D55460207A1C95009F341A /* ZKScreenRecorder.h */ = {isa = PBXFileReference; fileEncoding = 4; lastKnownFileType = sourcecode.c.h; path = ZKScreenRecorder.h; sourceTree = "<group>"; };
		58D55461207A1C95009F341A /* ZKScreenRecorder.m */ = {isa = PBXFileReference; fileEncoding = 4; lastKnownFileType = sourcecode.c.objc; path = ZKScreenRecorder.m; sourceTree = "<group>"; };
		58D55463207A2FFE009F341A /* nilin.m4a */ = {isa = PBXFileReference; lastKnownFileType = file; path = nilin.m4a; sourceTree = "<group>"; };
		58EDAAB52080CBA700EADB37 /* UIImage+Addition.h */ = {isa = PBXFileReference; lastKnownFileType = sourcecode.c.h; path = "UIImage+Addition.h"; sourceTree = "<group>"; };
		58EDAAB62080CBA700EADB37 /* UIImage+Addition.m */ = {isa = PBXFileReference; lastKnownFileType = sourcecode.c.objc; path = "UIImage+Addition.m"; sourceTree = "<group>"; };
		58EDAAB82080D2D100EADB37 /* ConfigHeader.h */ = {isa = PBXFileReference; lastKnownFileType = sourcecode.c.h; path = ConfigHeader.h; sourceTree = "<group>"; };
		58EDAAB92080D92800EADB37 /* ZKScratchContainerView.h */ = {isa = PBXFileReference; lastKnownFileType = sourcecode.c.h; path = ZKScratchContainerView.h; sourceTree = "<group>"; };
		58EDAABA2080D92800EADB37 /* ZKScratchContainerView.m */ = {isa = PBXFileReference; lastKnownFileType = sourcecode.c.objc; path = ZKScratchContainerView.m; sourceTree = "<group>"; };
		58EDAABF2080E9B200EADB37 /* ZKScratchItem.h */ = {isa = PBXFileReference; lastKnownFileType = sourcecode.c.h; path = ZKScratchItem.h; sourceTree = "<group>"; };
		58EDAAC02080E9B200EADB37 /* ZKScratchItem.m */ = {isa = PBXFileReference; lastKnownFileType = sourcecode.c.objc; path = ZKScratchItem.m; sourceTree = "<group>"; };
		AE846EB8BB4BE8329B00F9A0 /* Pods-ZKScrapeDemo.debug.xcconfig */ = {isa = PBXFileReference; includeInIndex = 1; lastKnownFileType = text.xcconfig; name = "Pods-ZKScrapeDemo.debug.xcconfig"; path = "Pods/Target Support Files/Pods-ZKScrapeDemo/Pods-ZKScrapeDemo.debug.xcconfig"; sourceTree = "<group>"; };
		C9693622C297E1CDD4B89D87 /* libPods-ZKScrapeDemo.a */ = {isa = PBXFileReference; explicitFileType = archive.ar; includeInIndex = 0; path = "libPods-ZKScrapeDemo.a"; sourceTree = BUILT_PRODUCTS_DIR; };
/* End PBXFileReference section */

/* Begin PBXFrameworksBuildPhase section */
		5852CFC6206F31BD0006CA6C /* Frameworks */ = {
			isa = PBXFrameworksBuildPhase;
			buildActionMask = 2147483647;
			files = (
				88607908F6E3CDAF1C08E94D /* libPods-ZKScrapeDemo.a in Frameworks */,
			);
			runOnlyForDeploymentPostprocessing = 0;
		};
/* End PBXFrameworksBuildPhase section */

/* Begin PBXGroup section */
		5852CFC0206F31BD0006CA6C = {
			isa = PBXGroup;
			children = (
				5852CFCB206F31BD0006CA6C /* ZKScrapeDemo */,
				58845DD8206F6D0E00122F70 /* Supporting */,
				5852CFCA206F31BD0006CA6C /* Products */,
				E8FA4FC48AD45831C912BBBC /* Pods */,
				B455A0F67CF1FC4CD746A47C /* Frameworks */,
			);
			sourceTree = "<group>";
		};
		5852CFCA206F31BD0006CA6C /* Products */ = {
			isa = PBXGroup;
			children = (
				5852CFC9206F31BD0006CA6C /* ZKScrapeDemo.app */,
			);
			name = Products;
			sourceTree = "<group>";
		};
		5852CFCB206F31BD0006CA6C /* ZKScrapeDemo */ = {
			isa = PBXGroup;
			children = (
				58D5545F207A1C6D009F341A /* ZKScreenRecorder */,
				586E2FCD20725AF100B9037D /* DraggableView */,
				586E2FB52071CB0000B9037D /* Scratch */,
				5852CFCC206F31BD0006CA6C /* AppDelegate.h */,
				5852CFCD206F31BD0006CA6C /* AppDelegate.m */,
				58845DD7206F6CC100122F70 /* Classes */,
			);
			path = ZKScrapeDemo;
			sourceTree = "<group>";
		};
		586E2FB52071CB0000B9037D /* Scratch */ = {
			isa = PBXGroup;
			children = (
				586E2FB62071CB8C00B9037D /* ZKMatrix.h */,
				586E2FB72071CB8C00B9037D /* ZKMatrix.m */,
				586E2FB92071CFC900B9037D /* ZKScratchImageView.h */,
				586E2FBA2071CFC900B9037D /* ZKScratchImageView.mm */,
			);
			path = Scratch;
			sourceTree = "<group>";
		};
		586E2FCD20725AF100B9037D /* DraggableView */ = {
			isa = PBXGroup;
			children = (
				586E2FCE20725B2700B9037D /* ZKDraggableView.h */,
				586E2FCF20725B2700B9037D /* ZKDraggableView.m */,
				586E2FD120725B8800B9037D /* ZKDraggableViewController.h */,
				586E2FD220725B8800B9037D /* ZKDraggableViewController.m */,
			);
			path = DraggableView;
			sourceTree = "<group>";
		};
		58845DD7206F6CC100122F70 /* Classes */ = {
			isa = PBXGroup;
			children = (
				58845DD9206F6D3700122F70 /* ZKMainViewController.h */,
				58845DDA206F6D3700122F70 /* ZKMainViewController.m */,
				58845DDB206F6D3700122F70 /* ZKMainViewController.xib */,
				58845DDE206F6EC900122F70 /* ZKOneViewController.h */,
				58845DDF206F6EC900122F70 /* ZKOneViewController.m */,
				58845DE0206F6EC900122F70 /* ZKOneViewController.xib */,
				586E2FBC2071DD2B00B9037D /* ZKTwoViewController.h */,
				586E2FBD2071DD2B00B9037D /* ZKTwoViewController.m */,
				586E2FBE2071DD2B00B9037D /* ZKTwoViewController.xib */,
				58EDAAB92080D92800EADB37 /* ZKScratchContainerView.h */,
				58EDAABA2080D92800EADB37 /* ZKScratchContainerView.m */,
				58EDAABF2080E9B200EADB37 /* ZKScratchItem.h */,
				58EDAAC02080E9B200EADB37 /* ZKScratchItem.m */,
				5842B1D1208490C40000CA20 /* ScratchImageSource.json */,
			);
			path = Classes;
			sourceTree = "<group>";
		};
		58845DD8206F6D0E00122F70 /* Supporting */ = {
			isa = PBXGroup;
			children = (
				58EDAAB42080CB6400EADB37 /* Utils */,
				58EDAAB32080CB3D00EADB37 /* source */,
				5852CFD5206F31BF0006CA6C /* Assets.xcassets */,
				5852CFD7206F31BF0006CA6C /* LaunchScreen.storyboard */,
				5852CFDA206F31BF0006CA6C /* Info.plist */,
				5852CFDB206F31BF0006CA6C /* main.m */,
			);
			path = Supporting;
			sourceTree = "<group>";
		};
		58D5545F207A1C6D009F341A /* ZKScreenRecorder */ = {
			isa = PBXGroup;
			children = (
				58D55460207A1C95009F341A /* ZKScreenRecorder.h */,
				58D55461207A1C95009F341A /* ZKScreenRecorder.m */,
			);
			path = ZKScreenRecorder;
			sourceTree = "<group>";
		};
		58EDAAB32080CB3D00EADB37 /* source */ = {
			isa = PBXGroup;
			children = (
				58D55463207A2FFE009F341A /* nilin.m4a */,
				586E2FCB207203CF00B9037D /* fireworks_0.gif */,
			);
			path = source;
			sourceTree = "<group>";
		};
		58EDAAB42080CB6400EADB37 /* Utils */ = {
			isa = PBXGroup;
			children = (
				587990232084C2AA00987CB6 /* NSTimer+ZKAutoRelease.h */,
				587990242084C2AB00987CB6 /* NSTimer+ZKAutoRelease.m */,
				586E2FC82071FD4E00B9037D /* UIView+Addition.h */,
				586E2FC92071FD4E00B9037D /* UIView+Addition.m */,
				58EDAAB52080CBA700EADB37 /* UIImage+Addition.h */,
				58EDAAB62080CBA700EADB37 /* UIImage+Addition.m */,
				58EDAAB82080D2D100EADB37 /* ConfigHeader.h */,
			);
			path = Utils;
			sourceTree = "<group>";
		};
		B455A0F67CF1FC4CD746A47C /* Frameworks */ = {
			isa = PBXGroup;
			children = (
				C9693622C297E1CDD4B89D87 /* libPods-ZKScrapeDemo.a */,
			);
			name = Frameworks;
			sourceTree = "<group>";
		};
		E8FA4FC48AD45831C912BBBC /* Pods */ = {
			isa = PBXGroup;
			children = (
				AE846EB8BB4BE8329B00F9A0 /* Pods-ZKScrapeDemo.debug.xcconfig */,
				0E15F2E6D829E960E8CD9A7D /* Pods-ZKScrapeDemo.release.xcconfig */,
			);
			name = Pods;
			sourceTree = "<group>";
		};
/* End PBXGroup section */

/* Begin PBXNativeTarget section */
		5852CFC8206F31BD0006CA6C /* ZKScrapeDemo */ = {
			isa = PBXNativeTarget;
			buildConfigurationList = 5852CFDF206F31BF0006CA6C /* Build configuration list for PBXNativeTarget "ZKScrapeDemo" */;
			buildPhases = (
				F1B7EA2E8E72227E86D285F5 /* [CP] Check Pods Manifest.lock */,
				5852CFC5206F31BD0006CA6C /* Sources */,
				5852CFC6206F31BD0006CA6C /* Frameworks */,
				5852CFC7206F31BD0006CA6C /* Resources */,
				589404A6CE9E1E6AB9FA55BE /* [CP] Embed Pods Frameworks */,
				3202B62C59EFC73E254328C7 /* [CP] Copy Pods Resources */,
			);
			buildRules = (
			);
			dependencies = (
			);
			name = ZKScrapeDemo;
			productName = ZKScrapeDemo;
			productReference = 5852CFC9206F31BD0006CA6C /* ZKScrapeDemo.app */;
			productType = "com.apple.product-type.application";
		};
/* End PBXNativeTarget section */

/* Begin PBXProject section */
		5852CFC1206F31BD0006CA6C /* Project object */ = {
			isa = PBXProject;
			attributes = {
				LastUpgradeCheck = 0930;
				ORGANIZATIONNAME = "Zhou Kang Inc.";
				TargetAttributes = {
					5852CFC8206F31BD0006CA6C = {
						CreatedOnToolsVersion = 9.3;
					};
				};
			};
			buildConfigurationList = 5852CFC4206F31BD0006CA6C /* Build configuration list for PBXProject "ZKScrapeDemo" */;
			compatibilityVersion = "Xcode 9.3";
			developmentRegion = en;
			hasScannedForEncodings = 0;
			knownRegions = (
				en,
				Base,
			);
			mainGroup = 5852CFC0206F31BD0006CA6C;
			productRefGroup = 5852CFCA206F31BD0006CA6C /* Products */;
			projectDirPath = "";
			projectRoot = "";
			targets = (
				5852CFC8206F31BD0006CA6C /* ZKScrapeDemo */,
			);
		};
/* End PBXProject section */

/* Begin PBXResourcesBuildPhase section */
		5852CFC7206F31BD0006CA6C /* Resources */ = {
			isa = PBXResourcesBuildPhase;
			buildActionMask = 2147483647;
			files = (
				586E2FC02071DD2B00B9037D /* ZKTwoViewController.xib in Resources */,
				58D55464207A2FFE009F341A /* nilin.m4a in Resources */,
				5852CFD9206F31BF0006CA6C /* LaunchScreen.storyboard in Resources */,
				5842B1D2208490C40000CA20 /* ScratchImageSource.json in Resources */,
				5852CFD6206F31BF0006CA6C /* Assets.xcassets in Resources */,
				58845DE2206F6EC900122F70 /* ZKOneViewController.xib in Resources */,
				586E2FCC207203CF00B9037D /* fireworks_0.gif in Resources */,
				58845DDD206F6D3700122F70 /* ZKMainViewController.xib in Resources */,
			);
			runOnlyForDeploymentPostprocessing = 0;
		};
/* End PBXResourcesBuildPhase section */

/* Begin PBXShellScriptBuildPhase section */
		3202B62C59EFC73E254328C7 /* [CP] Copy Pods Resources */ = {
			isa = PBXShellScriptBuildPhase;
			buildActionMask = 2147483647;
			files = (
			);
			inputPaths = (
			);
			name = "[CP] Copy Pods Resources";
			outputPaths = (
			);
			runOnlyForDeploymentPostprocessing = 0;
			shellPath = /bin/sh;
			shellScript = "\"${SRCROOT}/Pods/Target Support Files/Pods-ZKScrapeDemo/Pods-ZKScrapeDemo-resources.sh\"\n";
			showEnvVarsInLog = 0;
		};
		589404A6CE9E1E6AB9FA55BE /* [CP] Embed Pods Frameworks */ = {
			isa = PBXShellScriptBuildPhase;
			buildActionMask = 2147483647;
			files = (
			);
			inputPaths = (
			);
			name = "[CP] Embed Pods Frameworks";
			outputPaths = (
			);
			runOnlyForDeploymentPostprocessing = 0;
			shellPath = /bin/sh;
			shellScript = "\"${SRCROOT}/Pods/Target Support Files/Pods-ZKScrapeDemo/Pods-ZKScrapeDemo-frameworks.sh\"\n";
			showEnvVarsInLog = 0;
		};
		F1B7EA2E8E72227E86D285F5 /* [CP] Check Pods Manifest.lock */ = {
			isa = PBXShellScriptBuildPhase;
			buildActionMask = 2147483647;
			files = (
			);
			inputPaths = (
				"${PODS_PODFILE_DIR_PATH}/Podfile.lock",
				"${PODS_ROOT}/Manifest.lock",
			);
			name = "[CP] Check Pods Manifest.lock";
			outputPaths = (
				"$(DERIVED_FILE_DIR)/Pods-ZKScrapeDemo-checkManifestLockResult.txt",
			);
			runOnlyForDeploymentPostprocessing = 0;
			shellPath = /bin/sh;
			shellScript = "diff \"${PODS_PODFILE_DIR_PATH}/Podfile.lock\" \"${PODS_ROOT}/Manifest.lock\" > /dev/null\nif [ $? != 0 ] ; then\n    # print error to STDERR\n    echo \"error: The sandbox is not in sync with the Podfile.lock. Run 'pod install' or update your CocoaPods installation.\" >&2\n    exit 1\nfi\n# This output is used by Xcode 'outputs' to avoid re-running this script phase.\necho \"SUCCESS\" > \"${SCRIPT_OUTPUT_FILE_0}\"\n";
			showEnvVarsInLog = 0;
		};
/* End PBXShellScriptBuildPhase section */

/* Begin PBXSourcesBuildPhase section */
		5852CFC5206F31BD0006CA6C /* Sources */ = {
			isa = PBXSourcesBuildPhase;
			buildActionMask = 2147483647;
			files = (
				586E2FBB2071CFC900B9037D /* ZKScratchImageView.mm in Sources */,
				5852CFDC206F31BF0006CA6C /* main.m in Sources */,
				58EDAAC12080E9B200EADB37 /* ZKScratchItem.m in Sources */,
				5852CFCE206F31BD0006CA6C /* AppDelegate.m in Sources */,
				587990252084C2AB00987CB6 /* NSTimer+ZKAutoRelease.m in Sources */,
				58D55462207A1C95009F341A /* ZKScreenRecorder.m in Sources */,
				58845DE1206F6EC900122F70 /* ZKOneViewController.m in Sources */,
				58EDAABB2080D92800EADB37 /* ZKScratchContainerView.m in Sources */,
				58EDAAB72080CBA700EADB37 /* UIImage+Addition.m in Sources */,
				586E2FCA2071FD4E00B9037D /* UIView+Addition.m in Sources */,
				586E2FB82071CB8C00B9037D /* ZKMatrix.m in Sources */,
				586E2FBF2071DD2B00B9037D /* ZKTwoViewController.m in Sources */,
				586E2FD320725B8800B9037D /* ZKDraggableViewController.m in Sources */,
				586E2FD020725B2700B9037D /* ZKDraggableView.m in Sources */,
				58845DDC206F6D3700122F70 /* ZKMainViewController.m in Sources */,
			);
			runOnlyForDeploymentPostprocessing = 0;
		};
/* End PBXSourcesBuildPhase section */

/* Begin PBXVariantGroup section */
		5852CFD7206F31BF0006CA6C /* LaunchScreen.storyboard */ = {
			isa = PBXVariantGroup;
			children = (
				5852CFD8206F31BF0006CA6C /* Base */,
			);
			name = LaunchScreen.storyboard;
			sourceTree = "<group>";
		};
/* End PBXVariantGroup section */

/* Begin XCBuildConfiguration section */
		5852CFDD206F31BF0006CA6C /* Debug */ = {
			isa = XCBuildConfiguration;
			buildSettings = {
				ALWAYS_SEARCH_USER_PATHS = NO;
				CLANG_ANALYZER_NONNULL = YES;
				CLANG_ANALYZER_NUMBER_OBJECT_CONVERSION = YES_AGGRESSIVE;
				CLANG_CXX_LANGUAGE_STANDARD = "gnu++14";
				CLANG_CXX_LIBRARY = "libc++";
				CLANG_ENABLE_MODULES = YES;
				CLANG_ENABLE_OBJC_ARC = YES;
				CLANG_ENABLE_OBJC_WEAK = YES;
				CLANG_WARN_BLOCK_CAPTURE_AUTORELEASING = YES;
				CLANG_WARN_BOOL_CONVERSION = YES;
				CLANG_WARN_COMMA = YES;
				CLANG_WARN_CONSTANT_CONVERSION = YES;
				CLANG_WARN_DEPRECATED_OBJC_IMPLEMENTATIONS = YES;
				CLANG_WARN_DIRECT_OBJC_ISA_USAGE = YES_ERROR;
				CLANG_WARN_DOCUMENTATION_COMMENTS = YES;
				CLANG_WARN_EMPTY_BODY = YES;
				CLANG_WARN_ENUM_CONVERSION = YES;
				CLANG_WARN_INFINITE_RECURSION = YES;
				CLANG_WARN_INT_CONVERSION = YES;
				CLANG_WARN_NON_LITERAL_NULL_CONVERSION = YES;
				CLANG_WARN_OBJC_IMPLICIT_RETAIN_SELF = YES;
				CLANG_WARN_OBJC_LITERAL_CONVERSION = YES;
				CLANG_WARN_OBJC_ROOT_CLASS = YES_ERROR;
				CLANG_WARN_RANGE_LOOP_ANALYSIS = YES;
				CLANG_WARN_STRICT_PROTOTYPES = YES;
				CLANG_WARN_SUSPICIOUS_MOVE = YES;
				CLANG_WARN_UNGUARDED_AVAILABILITY = YES_AGGRESSIVE;
				CLANG_WARN_UNREACHABLE_CODE = YES;
				CLANG_WARN__DUPLICATE_METHOD_MATCH = YES;
				CODE_SIGN_IDENTITY = "iPhone Developer";
				COPY_PHASE_STRIP = NO;
				DEBUG_INFORMATION_FORMAT = dwarf;
				ENABLE_STRICT_OBJC_MSGSEND = YES;
				ENABLE_TESTABILITY = YES;
				GCC_C_LANGUAGE_STANDARD = gnu11;
				GCC_DYNAMIC_NO_PIC = NO;
				GCC_NO_COMMON_BLOCKS = YES;
				GCC_OPTIMIZATION_LEVEL = 0;
				GCC_PREPROCESSOR_DEFINITIONS = (
					"DEBUG=1",
					"$(inherited)",
				);
				GCC_WARN_64_TO_32_BIT_CONVERSION = YES;
				GCC_WARN_ABOUT_RETURN_TYPE = YES_ERROR;
				GCC_WARN_UNDECLARED_SELECTOR = YES;
				GCC_WARN_UNINITIALIZED_AUTOS = YES_AGGRESSIVE;
				GCC_WARN_UNUSED_FUNCTION = YES;
				GCC_WARN_UNUSED_VARIABLE = YES;
				IPHONEOS_DEPLOYMENT_TARGET = 11.3;
				MTL_ENABLE_DEBUG_INFO = YES;
				ONLY_ACTIVE_ARCH = YES;
				SDKROOT = iphoneos;
			};
			name = Debug;
		};
		5852CFDE206F31BF0006CA6C /* Release */ = {
			isa = XCBuildConfiguration;
			buildSettings = {
				ALWAYS_SEARCH_USER_PATHS = NO;
				CLANG_ANALYZER_NONNULL = YES;
				CLANG_ANALYZER_NUMBER_OBJECT_CONVERSION = YES_AGGRESSIVE;
				CLANG_CXX_LANGUAGE_STANDARD = "gnu++14";
				CLANG_CXX_LIBRARY = "libc++";
				CLANG_ENABLE_MODULES = YES;
				CLANG_ENABLE_OBJC_ARC = YES;
				CLANG_ENABLE_OBJC_WEAK = YES;
				CLANG_WARN_BLOCK_CAPTURE_AUTORELEASING = YES;
				CLANG_WARN_BOOL_CONVERSION = YES;
				CLANG_WARN_COMMA = YES;
				CLANG_WARN_CONSTANT_CONVERSION = YES;
				CLANG_WARN_DEPRECATED_OBJC_IMPLEMENTATIONS = YES;
				CLANG_WARN_DIRECT_OBJC_ISA_USAGE = YES_ERROR;
				CLANG_WARN_DOCUMENTATION_COMMENTS = YES;
				CLANG_WARN_EMPTY_BODY = YES;
				CLANG_WARN_ENUM_CONVERSION = YES;
				CLANG_WARN_INFINITE_RECURSION = YES;
				CLANG_WARN_INT_CONVERSION = YES;
				CLANG_WARN_NON_LITERAL_NULL_CONVERSION = YES;
				CLANG_WARN_OBJC_IMPLICIT_RETAIN_SELF = YES;
				CLANG_WARN_OBJC_LITERAL_CONVERSION = YES;
				CLANG_WARN_OBJC_ROOT_CLASS = YES_ERROR;
				CLANG_WARN_RANGE_LOOP_ANALYSIS = YES;
				CLANG_WARN_STRICT_PROTOTYPES = YES;
				CLANG_WARN_SUSPICIOUS_MOVE = YES;
				CLANG_WARN_UNGUARDED_AVAILABILITY = YES_AGGRESSIVE;
				CLANG_WARN_UNREACHABLE_CODE = YES;
				CLANG_WARN__DUPLICATE_METHOD_MATCH = YES;
				CODE_SIGN_IDENTITY = "iPhone Developer";
				COPY_PHASE_STRIP = NO;
				DEBUG_INFORMATION_FORMAT = "dwarf-with-dsym";
				ENABLE_NS_ASSERTIONS = NO;
				ENABLE_STRICT_OBJC_MSGSEND = YES;
				GCC_C_LANGUAGE_STANDARD = gnu11;
				GCC_NO_COMMON_BLOCKS = YES;
				GCC_WARN_64_TO_32_BIT_CONVERSION = YES;
				GCC_WARN_ABOUT_RETURN_TYPE = YES_ERROR;
				GCC_WARN_UNDECLARED_SELECTOR = YES;
				GCC_WARN_UNINITIALIZED_AUTOS = YES_AGGRESSIVE;
				GCC_WARN_UNUSED_FUNCTION = YES;
				GCC_WARN_UNUSED_VARIABLE = YES;
				IPHONEOS_DEPLOYMENT_TARGET = 11.3;
				MTL_ENABLE_DEBUG_INFO = NO;
				SDKROOT = iphoneos;
				VALIDATE_PRODUCT = YES;
			};
			name = Release;
		};
		5852CFE0206F31BF0006CA6C /* Debug */ = {
			isa = XCBuildConfiguration;
			baseConfigurationReference = AE846EB8BB4BE8329B00F9A0 /* Pods-ZKScrapeDemo.debug.xcconfig */;
			buildSettings = {
				ASSETCATALOG_COMPILER_APPICON_NAME = AppIcon;
				CODE_SIGN_STYLE = Automatic;
				DEVELOPMENT_TEAM = TE2958KSXV;
				INFOPLIST_FILE = "$(SRCROOT)/Supporting/Info.plist";
				IPHONEOS_DEPLOYMENT_TARGET = 8.0;
				LD_RUNPATH_SEARCH_PATHS = (
					"$(inherited)",
					"@executable_path/Frameworks",
				);
				PRODUCT_BUNDLE_IDENTIFIER = com.zk.ZKScrapeDemo;
				PRODUCT_NAME = "$(TARGET_NAME)";
				TARGETED_DEVICE_FAMILY = 1;
			};
			name = Debug;
		};
		5852CFE1206F31BF0006CA6C /* Release */ = {
			isa = XCBuildConfiguration;
			baseConfigurationReference = 0E15F2E6D829E960E8CD9A7D /* Pods-ZKScrapeDemo.release.xcconfig */;
			buildSettings = {
				ASSETCATALOG_COMPILER_APPICON_NAME = AppIcon;
				CODE_SIGN_STYLE = Automatic;
				DEVELOPMENT_TEAM = TE2958KSXV;
				INFOPLIST_FILE = "$(SRCROOT)/Supporting/Info.plist";
				IPHONEOS_DEPLOYMENT_TARGET = 8.0;
				LD_RUNPATH_SEARCH_PATHS = (
					"$(inherited)",
					"@executable_path/Frameworks",
				);
				PRODUCT_BUNDLE_IDENTIFIER = com.zk.ZKScrapeDemo;
				PRODUCT_NAME = "$(TARGET_NAME)";
				TARGETED_DEVICE_FAMILY = 1;
			};
			name = Release;
		};
/* End XCBuildConfiguration section */

/* Begin XCConfigurationList section */
		5852CFC4206F31BD0006CA6C /* Build configuration list for PBXProject "ZKScrapeDemo" */ = {
			isa = XCConfigurationList;
			buildConfigurations = (
				5852CFDD206F31BF0006CA6C /* Debug */,
				5852CFDE206F31BF0006CA6C /* Release */,
			);
			defaultConfigurationIsVisible = 0;
			defaultConfigurationName = Release;
		};
		5852CFDF206F31BF0006CA6C /* Build configuration list for PBXNativeTarget "ZKScrapeDemo" */ = {
			isa = XCConfigurationList;
			buildConfigurations = (
				5852CFE0206F31BF0006CA6C /* Debug */,
				5852CFE1206F31BF0006CA6C /* Release */,
			);
			defaultConfigurationIsVisible = 0;
			defaultConfigurationName = Release;
		};
/* End XCConfigurationList section */
	};
	rootObject = 5852CFC1206F31BD0006CA6C /* Project object */;
}
